
Microsoft Visual Studio Solution File, Format Version 12.00
# Visual Studio 15
VisualStudioVersion = 15.0.26430.16
MinimumVisualStudioVersion = 10.0.40219.1
Project("{FAE04EC0-301F-11D3-BF4B-00C04F79EFBC}") = "NetworkSpeedMonitor", "Network Speed Monitor\NetworkSpeedMonitor.csproj", "{01905CA1-B75B-4AD2-927B-6A7E3B229879}"
EndProject
Project("{FAE04EC0-301F-11D3-BF4B-00C04F79EFBC}") = "Domain", "Domain\Domain.csproj", "{17F1CFF1-15EF-4950-8D9C-8E33D5E9C4E2}"
EndProject
Project("{54435603-DBB4-11D2-8724-00A0C9A8B90C}") = "Network Speed Monitor", "Network Speed Monitor\Network Speed Monitor.vdproj", "{73176F56-B158-45A1-B733-73888DAC5F01}"
EndProject
Global
	GlobalSection(SolutionConfigurationPlatforms) = preSolution
		Debug|Any CPU = Debug|Any CPU
		Release|Any CPU = Release|Any CPU
	EndGlobalSection
	GlobalSection(ProjectConfigurationPlatforms) = postSolution
		{01905CA1-B75B-4AD2-927B-6A7E3B229879}.Debug|Any CPU.ActiveCfg = Debug|Any CPU
		{01905CA1-B75B-4AD2-927B-6A7E3B229879}.Debug|Any CPU.Build.0 = Debug|Any CPU
		{01905CA1-B75B-4AD2-927B-6A7E3B229879}.Release|Any CPU.ActiveCfg = Release|Any CPU
		{01905CA1-B75B-4AD2-927B-6A7E3B229879}.Release|Any CPU.Build.0 = Release|Any CPU
		{17F1CFF1-15EF-4950-8D9C-8E33D5E9C4E2}.Debug|Any CPU.ActiveCfg = Debug|Any CPU
		{17F1CFF1-15EF-4950-8D9C-8E33D5E9C4E2}.Debug|Any CPU.Build.0 = Debug|Any CPU
		{17F1CFF1-15EF-4950-8D9C-8E33D5E9C4E2}.Release|Any CPU.ActiveCfg = Release|Any CPU
		{17F1CFF1-15EF-4950-8D9C-8E33D5E9C4E2}.Release|Any CPU.Build.0 = Release|Any CPU
		{73176F56-B158-45A1-B733-73888DAC5F01}.Debug|Any CPU.ActiveCfg = Debug
		{73176F56-B158-45A1-B733-73888DAC5F01}.Release|Any CPU.ActiveCfg = Release
	EndGlobalSection
	GlobalSection(SolutionProperties) = preSolution
		HideSolutionNode = FALSE
	EndGlobalSection
EndGlobal
